# This file is generated by running "yarn install" inside your project.
# Manual changes might be lost - proceed with caution!

__metadata:
  version: 8
  cacheKey: 10c0

"@types/node@npm:^18.18.3":
  version: 18.19.111
  resolution: "@types/node@npm:18.19.111"
  dependencies:
    undici-types: "npm:~5.26.4"
  checksum: 10c0/21e4a5382ce84f4ac62e3fe21b63b699c9e1ff92114d931634959fe0f02f63317987ba05726c731486b2d11a6356e74a4f1fb05a23019448f91401d592fc1ec8
  languageName: node
  linkType: hard

"@types/prop-types@npm:*":
  version: 15.7.15
  resolution: "@types/prop-types@npm:15.7.15"
  checksum: 10c0/b59aad1ad19bf1733cf524fd4e618196c6c7690f48ee70a327eb450a42aab8e8a063fbe59ca0a5701aebe2d92d582292c0fb845ea57474f6a15f6994b0e260b2
  languageName: node
  linkType: hard

"@types/react-dom@npm:^18.3.5":
  version: 18.3.7
  resolution: "@types/react-dom@npm:18.3.7"
  peerDependencies:
    "@types/react": ^18.0.0
  checksum: 10c0/8bd309e2c3d1604a28a736a24f96cbadf6c05d5288cfef8883b74f4054c961b6b3a5e997fd5686e492be903c8f3380dba5ec017eff3906b1256529cd2d39603e
  languageName: node
  linkType: hard

"@types/react@npm:~18.2.33":
  version: 18.2.79
  resolution: "@types/react@npm:18.2.79"
  dependencies:
    "@types/prop-types": "npm:*"
    csstype: "npm:^3.0.2"
  checksum: 10c0/c8a8a005d8830a48cc1ef93c3510c4935a2a03e5557dbecaa8f1038450cbfcb18eb206fa7fba7077d54b8da21faeb25577e897a333392770a7797f625b62c78a
  languageName: node
  linkType: hard

"csstype@npm:^3.0.2":
  version: 3.1.3
  resolution: "csstype@npm:3.1.3"
  checksum: 10c0/80c089d6f7e0c5b2bd83cf0539ab41474198579584fa10d86d0cafe0642202343cbc119e076a0b1aece191989477081415d66c9fefbf3c957fc2fc4b7009f248
  languageName: node
  linkType: hard

"softable-pixel@workspace:.":
  version: 0.0.0-use.local
  resolution: "softable-pixel@workspace:."
  dependencies:
    "@types/node": "npm:^18.18.3"
    "@types/react": "npm:~18.2.33"
    "@types/react-dom": "npm:^18.3.5"
    typescript: "npm:^5.2.2"
  peerDependencies:
    "@dnd-kit/core": ^6.3.1
    "@dnd-kit/sortable": ^10.0.0
    "@tanstack/react-table": ^8.21.3
    react: ~18.2.0
    react-dom: ~18.2.0
    styled-components: ^6.0.8
  languageName: unknown
  linkType: soft

"typescript@npm:^5.2.2":
  version: 5.8.3
  resolution: "typescript@npm:5.8.3"
  bin:
    tsc: bin/tsc
    tsserver: bin/tsserver
  checksum: 10c0/5f8bb01196e542e64d44db3d16ee0e4063ce4f3e3966df6005f2588e86d91c03e1fb131c2581baf0fb65ee79669eea6e161cd448178986587e9f6844446dbb48
  languageName: node
  linkType: hard

"typescript@patch:typescript@npm%3A^5.2.2#optional!builtin<compat/typescript>":
  version: 5.8.3
  resolution: "typescript@patch:typescript@npm%3A5.8.3#optional!builtin<compat/typescript>::version=5.8.3&hash=5786d5"
  bin:
    tsc: bin/tsc
    tsserver: bin/tsserver
  checksum: 10c0/39117e346ff8ebd87ae1510b3a77d5d92dae5a89bde588c747d25da5c146603a99c8ee588c7ef80faaf123d89ed46f6dbd918d534d641083177d5fac38b8a1cb
  languageName: node
  linkType: hard

"undici-types@npm:~5.26.4":
  version: 5.26.5
  resolution: "undici-types@npm:5.26.5"
  checksum: 10c0/bb673d7876c2d411b6eb6c560e0c571eef4a01c1c19925175d16e3a30c4c428181fb8d7ae802a261f283e4166a0ac435e2f505743aa9e45d893f9a3df017b501
  languageName: node
  linkType: hard
